
Microsoft Visual Studio Solution File, Format Version 12.00
# Visual Studio 2012
Project("{E24C65DC-7377-472B-9ABA-BC803B73C61A}") = "LogTest", "http://localhost:30705", "{25EA74E7-7C53-4B44-A952-B75B2C4CED2B}"
	ProjectSection(WebsiteProperties) = preProject
		UseIISExpress = "true"
		TargetFrameworkMoniker = ".NETFramework,Version%3Dv4.5"
		Debug.AspNetCompiler.VirtualPath = "/localhost_30705"
		Debug.AspNetCompiler.PhysicalPath = "LogTest\"
		Debug.AspNetCompiler.TargetPath = "PrecompiledWeb\localhost_30705\"
		Debug.AspNetCompiler.Updateable = "true"
		Debug.AspNetCompiler.ForceOverwrite = "true"
		Debug.AspNetCompiler.FixedNames = "false"
		Debug.AspNetCompiler.Debug = "True"
		Release.AspNetCompiler.VirtualPath = "/localhost_30705"
		Release.AspNetCompiler.PhysicalPath = "LogTest\"
		Release.AspNetCompiler.TargetPath = "PrecompiledWeb\localhost_30705\"
		Release.AspNetCompiler.Updateable = "true"
		Release.AspNetCompiler.ForceOverwrite = "true"
		Release.AspNetCompiler.FixedNames = "false"
		Release.AspNetCompiler.Debug = "False"
		SlnRelativePath = "LogTest\"
		DefaultWebSiteLanguage = "Visual C#"
	EndProjectSection
EndProject
Global
	GlobalSection(SolutionConfigurationPlatforms) = preSolution
		Debug|Any CPU = Debug|Any CPU
		Release|Any CPU = Release|Any CPU
	EndGlobalSection
	GlobalSection(ProjectConfigurationPlatforms) = postSolution
		{25EA74E7-7C53-4B44-A952-B75B2C4CED2B}.Debug|Any CPU.ActiveCfg = Debug|Any CPU
		{25EA74E7-7C53-4B44-A952-B75B2C4CED2B}.Debug|Any CPU.Build.0 = Debug|Any CPU
		{25EA74E7-7C53-4B44-A952-B75B2C4CED2B}.Release|Any CPU.ActiveCfg = Debug|Any CPU
		{25EA74E7-7C53-4B44-A952-B75B2C4CED2B}.Release|Any CPU.Build.0 = Debug|Any CPU
	EndGlobalSection
	GlobalSection(SolutionProperties) = preSolution
		HideSolutionNode = FALSE
	EndGlobalSection
EndGlobal
